// !$*UTF8*$!
{
	archiveVersion = 1;
	classes = {
	};
	objectVersion = 55;
	objects = {

/* Begin PBXBuildFile section */
		2DA46EFC2818A2F2005BD5C9 /* TouchDownApp.swift in Sources */ = {isa = PBXBuildFile; fileRef = 2DA46EFB2818A2F2005BD5C9 /* TouchDownApp.swift */; };
		2DA46EFE2818A2F2005BD5C9 /* ContentView.swift in Sources */ = {isa = PBXBuildFile; fileRef = 2DA46EFD2818A2F2005BD5C9 /* ContentView.swift */; };
		2DA46F002818A2F5005BD5C9 /* Assets.xcassets in Resources */ = {isa = PBXBuildFile; fileRef = 2DA46EFF2818A2F5005BD5C9 /* Assets.xcassets */; };
		2DA46F032818A2F5005BD5C9 /* Preview Assets.xcassets in Resources */ = {isa = PBXBuildFile; fileRef = 2DA46F022818A2F5005BD5C9 /* Preview Assets.xcassets */; };
		2DA46F0D2818B3B5005BD5C9 /* category.json in Resources */ = {isa = PBXBuildFile; fileRef = 2DA46F092818B3B5005BD5C9 /* category.json */; };
		2DA46F0E2818B3B5005BD5C9 /* brand.json in Resources */ = {isa = PBXBuildFile; fileRef = 2DA46F0A2818B3B5005BD5C9 /* brand.json */; };
		2DA46F0F2818B3B5005BD5C9 /* product.json in Resources */ = {isa = PBXBuildFile; fileRef = 2DA46F0B2818B3B5005BD5C9 /* product.json */; };
		2DA46F102818B3B5005BD5C9 /* player.json in Resources */ = {isa = PBXBuildFile; fileRef = 2DA46F0C2818B3B5005BD5C9 /* player.json */; };
		2DA46F1B2818B8E8005BD5C9 /* Constant.swift in Sources */ = {isa = PBXBuildFile; fileRef = 2DA46F1A2818B8E8005BD5C9 /* Constant.swift */; };
		2DA46F1D2818BAB5005BD5C9 /* FooterView.swift in Sources */ = {isa = PBXBuildFile; fileRef = 2DA46F1C2818BAB5005BD5C9 /* FooterView.swift */; };
		2DA46F1F2818C02D005BD5C9 /* NavigationBarView.swift in Sources */ = {isa = PBXBuildFile; fileRef = 2DA46F1E2818C02D005BD5C9 /* NavigationBarView.swift */; };
		2DA46F212818C1F5005BD5C9 /* LogoView.swift in Sources */ = {isa = PBXBuildFile; fileRef = 2DA46F202818C1F5005BD5C9 /* LogoView.swift */; };
		2DA46F232818CDF5005BD5C9 /* PlayerModel.swift in Sources */ = {isa = PBXBuildFile; fileRef = 2DA46F222818CDF4005BD5C9 /* PlayerModel.swift */; };
		2DA46F252818CE54005BD5C9 /* CodableBundleExtension.swift in Sources */ = {isa = PBXBuildFile; fileRef = 2DA46F242818CE54005BD5C9 /* CodableBundleExtension.swift */; };
		2DA46F272818D0CC005BD5C9 /* FeaturedItemView.swift in Sources */ = {isa = PBXBuildFile; fileRef = 2DA46F262818D0CC005BD5C9 /* FeaturedItemView.swift */; };
		2DA46F292818D201005BD5C9 /* FeaturedTabView.swift in Sources */ = {isa = PBXBuildFile; fileRef = 2DA46F282818D201005BD5C9 /* FeaturedTabView.swift */; };
		2DA46F2B281A24B5005BD5C9 /* CategoryModel.swift in Sources */ = {isa = PBXBuildFile; fileRef = 2DA46F2A281A24B5005BD5C9 /* CategoryModel.swift */; };
		2DA46F2D281A2925005BD5C9 /* CategoryItemView.swift in Sources */ = {isa = PBXBuildFile; fileRef = 2DA46F2C281A2925005BD5C9 /* CategoryItemView.swift */; };
		2DA46F2F281A2C27005BD5C9 /* CategoryGridView.swift in Sources */ = {isa = PBXBuildFile; fileRef = 2DA46F2E281A2C27005BD5C9 /* CategoryGridView.swift */; };
		2DA46F31281A313F005BD5C9 /* SectionView.swift in Sources */ = {isa = PBXBuildFile; fileRef = 2DA46F30281A313F005BD5C9 /* SectionView.swift */; };
		2DA46F33281A33DC005BD5C9 /* TitleView.swift in Sources */ = {isa = PBXBuildFile; fileRef = 2DA46F32281A33DC005BD5C9 /* TitleView.swift */; };
		2DA46F35281A35D9005BD5C9 /* ProductModel.swift in Sources */ = {isa = PBXBuildFile; fileRef = 2DA46F34281A35D9005BD5C9 /* ProductModel.swift */; };
		2DA46F37281A3669005BD5C9 /* ProductItemView.swift in Sources */ = {isa = PBXBuildFile; fileRef = 2DA46F36281A3669005BD5C9 /* ProductItemView.swift */; };
		2DA46F39281A3A1A005BD5C9 /* BrandsModel.swift in Sources */ = {isa = PBXBuildFile; fileRef = 2DA46F38281A3A1A005BD5C9 /* BrandsModel.swift */; };
		2DA46F3B281A3A8D005BD5C9 /* BrandItemView.swift in Sources */ = {isa = PBXBuildFile; fileRef = 2DA46F3A281A3A8D005BD5C9 /* BrandItemView.swift */; };
		2DA46F3D281A3B5C005BD5C9 /* BrandGridView.swift in Sources */ = {isa = PBXBuildFile; fileRef = 2DA46F3C281A3B5C005BD5C9 /* BrandGridView.swift */; };
		2DA46F3F281B34A9005BD5C9 /* ProductDetailView.swift in Sources */ = {isa = PBXBuildFile; fileRef = 2DA46F3E281B34A9005BD5C9 /* ProductDetailView.swift */; };
		2DA46F41281B35FD005BD5C9 /* NavigationBarDetailView.swift in Sources */ = {isa = PBXBuildFile; fileRef = 2DA46F40281B35FD005BD5C9 /* NavigationBarDetailView.swift */; };
		2DA46F43281B4425005BD5C9 /* HeaderDetailView.swift in Sources */ = {isa = PBXBuildFile; fileRef = 2DA46F42281B4424005BD5C9 /* HeaderDetailView.swift */; };
		2DA46F45281B452F005BD5C9 /* TopBarDetailView.swift in Sources */ = {isa = PBXBuildFile; fileRef = 2DA46F44281B452F005BD5C9 /* TopBarDetailView.swift */; };
		2DA46F47281B4DB8005BD5C9 /* CustomShape.swift in Sources */ = {isa = PBXBuildFile; fileRef = 2DA46F46281B4DB7005BD5C9 /* CustomShape.swift */; };
		2DA46F49281B506F005BD5C9 /* RatingsSizesDetailView.swift in Sources */ = {isa = PBXBuildFile; fileRef = 2DA46F48281B506E005BD5C9 /* RatingsSizesDetailView.swift */; };
		2DA46F4B281B557B005BD5C9 /* QuantityFavouriteDetailView.swift in Sources */ = {isa = PBXBuildFile; fileRef = 2DA46F4A281B557B005BD5C9 /* QuantityFavouriteDetailView.swift */; };
		2DA46F4D281B5780005BD5C9 /* AddTocartDetailView.swift in Sources */ = {isa = PBXBuildFile; fileRef = 2DA46F4C281B5780005BD5C9 /* AddTocartDetailView.swift */; };
		2DA46F4F281B593A005BD5C9 /* Shop.swift in Sources */ = {isa = PBXBuildFile; fileRef = 2DA46F4E281B593A005BD5C9 /* Shop.swift */; };
/* End PBXBuildFile section */

/* Begin PBXFileReference section */
		2DA46EF82818A2F2005BD5C9 /* TouchDown.app */ = {isa = PBXFileReference; explicitFileType = wrapper.application; includeInIndex = 0; path = TouchDown.app; sourceTree = BUILT_PRODUCTS_DIR; };
		2DA46EFB2818A2F2005BD5C9 /* TouchDownApp.swift */ = {isa = PBXFileReference; lastKnownFileType = sourcecode.swift; path = TouchDownApp.swift; sourceTree = "<group>"; };
		2DA46EFD2818A2F2005BD5C9 /* ContentView.swift */ = {isa = PBXFileReference; lastKnownFileType = sourcecode.swift; path = ContentView.swift; sourceTree = "<group>"; };
		2DA46EFF2818A2F5005BD5C9 /* Assets.xcassets */ = {isa = PBXFileReference; lastKnownFileType = folder.assetcatalog; path = Assets.xcassets; sourceTree = "<group>"; };
		2DA46F022818A2F5005BD5C9 /* Preview Assets.xcassets */ = {isa = PBXFileReference; lastKnownFileType = folder.assetcatalog; path = "Preview Assets.xcassets"; sourceTree = "<group>"; };
		2DA46F092818B3B5005BD5C9 /* category.json */ = {isa = PBXFileReference; fileEncoding = 4; lastKnownFileType = text.json; path = category.json; sourceTree = "<group>"; };
		2DA46F0A2818B3B5005BD5C9 /* brand.json */ = {isa = PBXFileReference; fileEncoding = 4; lastKnownFileType = text.json; path = brand.json; sourceTree = "<group>"; };
		2DA46F0B2818B3B5005BD5C9 /* product.json */ = {isa = PBXFileReference; fileEncoding = 4; lastKnownFileType = text.json; path = product.json; sourceTree = "<group>"; };
		2DA46F0C2818B3B5005BD5C9 /* player.json */ = {isa = PBXFileReference; fileEncoding = 4; lastKnownFileType = text.json; path = player.json; sourceTree = "<group>"; };
		2DA46F122818B447005BD5C9 /* Info.plist */ = {isa = PBXFileReference; lastKnownFileType = text.plist; path = Info.plist; sourceTree = "<group>"; };
		2DA46F1A2818B8E8005BD5C9 /* Constant.swift */ = {isa = PBXFileReference; lastKnownFileType = sourcecode.swift; path = Constant.swift; sourceTree = "<group>"; };
		2DA46F1C2818BAB5005BD5C9 /* FooterView.swift */ = {isa = PBXFileReference; lastKnownFileType = sourcecode.swift; path = FooterView.swift; sourceTree = "<group>"; };
		2DA46F1E2818C02D005BD5C9 /* NavigationBarView.swift */ = {isa = PBXFileReference; lastKnownFileType = sourcecode.swift; path = NavigationBarView.swift; sourceTree = "<group>"; };
		2DA46F202818C1F5005BD5C9 /* LogoView.swift */ = {isa = PBXFileReference; lastKnownFileType = sourcecode.swift; path = LogoView.swift; sourceTree = "<group>"; };
		2DA46F222818CDF4005BD5C9 /* PlayerModel.swift */ = {isa = PBXFileReference; lastKnownFileType = sourcecode.swift; path = PlayerModel.swift; sourceTree = "<group>"; };
		2DA46F242818CE54005BD5C9 /* CodableBundleExtension.swift */ = {isa = PBXFileReference; lastKnownFileType = sourcecode.swift; path = CodableBundleExtension.swift; sourceTree = "<group>"; };
		2DA46F262818D0CC005BD5C9 /* FeaturedItemView.swift */ = {isa = PBXFileReference; lastKnownFileType = sourcecode.swift; path = FeaturedItemView.swift; sourceTree = "<group>"; };
		2DA46F282818D201005BD5C9 /* FeaturedTabView.swift */ = {isa = PBXFileReference; lastKnownFileType = sourcecode.swift; path = FeaturedTabView.swift; sourceTree = "<group>"; };
		2DA46F2A281A24B5005BD5C9 /* CategoryModel.swift */ = {isa = PBXFileReference; lastKnownFileType = sourcecode.swift; path = CategoryModel.swift; sourceTree = "<group>"; };
		2DA46F2C281A2925005BD5C9 /* CategoryItemView.swift */ = {isa = PBXFileReference; lastKnownFileType = sourcecode.swift; path = CategoryItemView.swift; sourceTree = "<group>"; };
		2DA46F2E281A2C27005BD5C9 /* CategoryGridView.swift */ = {isa = PBXFileReference; lastKnownFileType = sourcecode.swift; path = CategoryGridView.swift; sourceTree = "<group>"; };
		2DA46F30281A313F005BD5C9 /* SectionView.swift */ = {isa = PBXFileReference; lastKnownFileType = sourcecode.swift; path = SectionView.swift; sourceTree = "<group>"; };
		2DA46F32281A33DC005BD5C9 /* TitleView.swift */ = {isa = PBXFileReference; lastKnownFileType = sourcecode.swift; path = TitleView.swift; sourceTree = "<group>"; };
		2DA46F34281A35D9005BD5C9 /* ProductModel.swift */ = {isa = PBXFileReference; lastKnownFileType = sourcecode.swift; path = ProductModel.swift; sourceTree = "<group>"; };
		2DA46F36281A3669005BD5C9 /* ProductItemView.swift */ = {isa = PBXFileReference; lastKnownFileType = sourcecode.swift; path = ProductItemView.swift; sourceTree = "<group>"; };
		2DA46F38281A3A1A005BD5C9 /* BrandsModel.swift */ = {isa = PBXFileReference; lastKnownFileType = sourcecode.swift; path = BrandsModel.swift; sourceTree = "<group>"; };
		2DA46F3A281A3A8D005BD5C9 /* BrandItemView.swift */ = {isa = PBXFileReference; lastKnownFileType = sourcecode.swift; path = BrandItemView.swift; sourceTree = "<group>"; };
		2DA46F3C281A3B5C005BD5C9 /* BrandGridView.swift */ = {isa = PBXFileReference; lastKnownFileType = sourcecode.swift; path = BrandGridView.swift; sourceTree = "<group>"; };
		2DA46F3E281B34A9005BD5C9 /* ProductDetailView.swift */ = {isa = PBXFileReference; lastKnownFileType = sourcecode.swift; path = ProductDetailView.swift; sourceTree = "<group>"; };
		2DA46F40281B35FD005BD5C9 /* NavigationBarDetailView.swift */ = {isa = PBXFileReference; lastKnownFileType = sourcecode.swift; path = NavigationBarDetailView.swift; sourceTree = "<group>"; };
		2DA46F42281B4424005BD5C9 /* HeaderDetailView.swift */ = {isa = PBXFileReference; lastKnownFileType = sourcecode.swift; path = HeaderDetailView.swift; sourceTree = "<group>"; };
		2DA46F44281B452F005BD5C9 /* TopBarDetailView.swift */ = {isa = PBXFileReference; lastKnownFileType = sourcecode.swift; path = TopBarDetailView.swift; sourceTree = "<group>"; };
		2DA46F46281B4DB7005BD5C9 /* CustomShape.swift */ = {isa = PBXFileReference; lastKnownFileType = sourcecode.swift; path = CustomShape.swift; sourceTree = "<group>"; };
		2DA46F48281B506E005BD5C9 /* RatingsSizesDetailView.swift */ = {isa = PBXFileReference; lastKnownFileType = sourcecode.swift; path = RatingsSizesDetailView.swift; sourceTree = "<group>"; };
		2DA46F4A281B557B005BD5C9 /* QuantityFavouriteDetailView.swift */ = {isa = PBXFileReference; lastKnownFileType = sourcecode.swift; path = QuantityFavouriteDetailView.swift; sourceTree = "<group>"; };
		2DA46F4C281B5780005BD5C9 /* AddTocartDetailView.swift */ = {isa = PBXFileReference; lastKnownFileType = sourcecode.swift; path = AddTocartDetailView.swift; sourceTree = "<group>"; };
		2DA46F4E281B593A005BD5C9 /* Shop.swift */ = {isa = PBXFileReference; lastKnownFileType = sourcecode.swift; path = Shop.swift; sourceTree = "<group>"; };
/* End PBXFileReference section */

/* Begin PBXFrameworksBuildPhase section */
		2DA46EF52818A2F2005BD5C9 /* Frameworks */ = {
			isa = PBXFrameworksBuildPhase;
			buildActionMask = 2147483647;
			files = (
			);
			runOnlyForDeploymentPostprocessing = 0;
		};
/* End PBXFrameworksBuildPhase section */

/* Begin PBXGroup section */
		2DA46EEF2818A2F2005BD5C9 = {
			isa = PBXGroup;
			children = (
				2DA46EFA2818A2F2005BD5C9 /* TouchDown */,
				2DA46EF92818A2F2005BD5C9 /* Products */,
			);
			sourceTree = "<group>";
		};
		2DA46EF92818A2F2005BD5C9 /* Products */ = {
			isa = PBXGroup;
			children = (
				2DA46EF82818A2F2005BD5C9 /* TouchDown.app */,
			);
			name = Products;
			sourceTree = "<group>";
		};
		2DA46EFA2818A2F2005BD5C9 /* TouchDown */ = {
			isa = PBXGroup;
			children = (
				2DA46F132818B821005BD5C9 /* App */,
				2DA46F142818B837005BD5C9 /* View */,
				2DA46F182818B868005BD5C9 /* Extension */,
				2DA46F172818B861005BD5C9 /* Model */,
				2DA46F122818B447005BD5C9 /* Info.plist */,
				2DA46F112818B3CD005BD5C9 /* Data */,
				2DA46F192818B86F005BD5C9 /* Utility */,
				2DA46EFF2818A2F5005BD5C9 /* Assets.xcassets */,
				2DA46F012818A2F5005BD5C9 /* Preview Content */,
			);
			path = TouchDown;
			sourceTree = "<group>";
		};
		2DA46F012818A2F5005BD5C9 /* Preview Content */ = {
			isa = PBXGroup;
			children = (
				2DA46F022818A2F5005BD5C9 /* Preview Assets.xcassets */,
			);
			path = "Preview Content";
			sourceTree = "<group>";
		};
		2DA46F112818B3CD005BD5C9 /* Data */ = {
			isa = PBXGroup;
			children = (
				2DA46F0A2818B3B5005BD5C9 /* brand.json */,
				2DA46F092818B3B5005BD5C9 /* category.json */,
				2DA46F0C2818B3B5005BD5C9 /* player.json */,
				2DA46F0B2818B3B5005BD5C9 /* product.json */,
			);
			path = Data;
			sourceTree = "<group>";
		};
		2DA46F132818B821005BD5C9 /* App */ = {
			isa = PBXGroup;
			children = (
				2DA46EFB2818A2F2005BD5C9 /* TouchDownApp.swift */,
				2DA46EFD2818A2F2005BD5C9 /* ContentView.swift */,
				2DA46F3E281B34A9005BD5C9 /* ProductDetailView.swift */,
			);
			path = App;
			sourceTree = "<group>";
		};
		2DA46F142818B837005BD5C9 /* View */ = {
			isa = PBXGroup;
			children = (
				2DA46F162818B84E005BD5C9 /* Home */,
				2DA46F152818B844005BD5C9 /* Detail */,
			);
			path = View;
			sourceTree = "<group>";
		};
		2DA46F152818B844005BD5C9 /* Detail */ = {
			isa = PBXGroup;
			children = (
				2DA46F40281B35FD005BD5C9 /* NavigationBarDetailView.swift */,
				2DA46F42281B4424005BD5C9 /* HeaderDetailView.swift */,
				2DA46F44281B452F005BD5C9 /* TopBarDetailView.swift */,
				2DA46F48281B506E005BD5C9 /* RatingsSizesDetailView.swift */,
				2DA46F4A281B557B005BD5C9 /* QuantityFavouriteDetailView.swift */,
				2DA46F4C281B5780005BD5C9 /* AddTocartDetailView.swift */,
			);
			path = Detail;
			sourceTree = "<group>";
		};
		2DA46F162818B84E005BD5C9 /* Home */ = {
			isa = PBXGroup;
			children = (
				2DA46F1C2818BAB5005BD5C9 /* FooterView.swift */,
				2DA46F1E2818C02D005BD5C9 /* NavigationBarView.swift */,
				2DA46F202818C1F5005BD5C9 /* LogoView.swift */,
				2DA46F262818D0CC005BD5C9 /* FeaturedItemView.swift */,
				2DA46F282818D201005BD5C9 /* FeaturedTabView.swift */,
				2DA46F2C281A2925005BD5C9 /* CategoryItemView.swift */,
				2DA46F2E281A2C27005BD5C9 /* CategoryGridView.swift */,
				2DA46F30281A313F005BD5C9 /* SectionView.swift */,
				2DA46F32281A33DC005BD5C9 /* TitleView.swift */,
				2DA46F36281A3669005BD5C9 /* ProductItemView.swift */,
				2DA46F3A281A3A8D005BD5C9 /* BrandItemView.swift */,
				2DA46F3C281A3B5C005BD5C9 /* BrandGridView.swift */,
			);
			path = Home;
			sourceTree = "<group>";
		};
		2DA46F172818B861005BD5C9 /* Model */ = {
			isa = PBXGroup;
			children = (
				2DA46F222818CDF4005BD5C9 /* PlayerModel.swift */,
				2DA46F2A281A24B5005BD5C9 /* CategoryModel.swift */,
				2DA46F34281A35D9005BD5C9 /* ProductModel.swift */,
				2DA46F38281A3A1A005BD5C9 /* BrandsModel.swift */,
			);
			path = Model;
			sourceTree = "<group>";
		};
		2DA46F182818B868005BD5C9 /* Extension */ = {
			isa = PBXGroup;
			children = (
				2DA46F242818CE54005BD5C9 /* CodableBundleExtension.swift */,
			);
			path = Extension;
			sourceTree = "<group>";
		};
		2DA46F192818B86F005BD5C9 /* Utility */ = {
			isa = PBXGroup;
			children = (
				2DA46F1A2818B8E8005BD5C9 /* Constant.swift */,
				2DA46F46281B4DB7005BD5C9 /* CustomShape.swift */,
				2DA46F4E281B593A005BD5C9 /* Shop.swift */,
			);
			path = Utility;
			sourceTree = "<group>";
		};
/* End PBXGroup section */

/* Begin PBXNativeTarget section */
		2DA46EF72818A2F2005BD5C9 /* TouchDown */ = {
			isa = PBXNativeTarget;
			buildConfigurationList = 2DA46F062818A2F5005BD5C9 /* Build configuration list for PBXNativeTarget "TouchDown" */;
			buildPhases = (
				2DA46EF42818A2F2005BD5C9 /* Sources */,
				2DA46EF52818A2F2005BD5C9 /* Frameworks */,
				2DA46EF62818A2F2005BD5C9 /* Resources */,
			);
			buildRules = (
			);
			dependencies = (
			);
			name = TouchDown;
			productName = TouchDown;
			productReference = 2DA46EF82818A2F2005BD5C9 /* TouchDown.app */;
			productType = "com.apple.product-type.application";
		};
/* End PBXNativeTarget section */

/* Begin PBXProject section */
		2DA46EF02818A2F2005BD5C9 /* Project object */ = {
			isa = PBXProject;
			attributes = {
				BuildIndependentTargetsInParallel = 1;
				LastSwiftUpdateCheck = 1330;
				LastUpgradeCheck = 1330;
				TargetAttributes = {
					2DA46EF72818A2F2005BD5C9 = {
						CreatedOnToolsVersion = 13.3;
					};
				};
			};
			buildConfigurationList = 2DA46EF32818A2F2005BD5C9 /* Build configuration list for PBXProject "TouchDown" */;
			compatibilityVersion = "Xcode 13.0";
			developmentRegion = en;
			hasScannedForEncodings = 0;
			knownRegions = (
				en,
				Base,
			);
			mainGroup = 2DA46EEF2818A2F2005BD5C9;
			productRefGroup = 2DA46EF92818A2F2005BD5C9 /* Products */;
			projectDirPath = "";
			projectRoot = "";
			targets = (
				2DA46EF72818A2F2005BD5C9 /* TouchDown */,
			);
		};
/* End PBXProject section */

/* Begin PBXResourcesBuildPhase section */
		2DA46EF62818A2F2005BD5C9 /* Resources */ = {
			isa = PBXResourcesBuildPhase;
			buildActionMask = 2147483647;
			files = (
				2DA46F102818B3B5005BD5C9 /* player.json in Resources */,
				2DA46F0D2818B3B5005BD5C9 /* category.json in Resources */,
				2DA46F0E2818B3B5005BD5C9 /* brand.json in Resources */,
				2DA46F032818A2F5005BD5C9 /* Preview Assets.xcassets in Resources */,
				2DA46F002818A2F5005BD5C9 /* Assets.xcassets in Resources */,
				2DA46F0F2818B3B5005BD5C9 /* product.json in Resources */,
			);
			runOnlyForDeploymentPostprocessing = 0;
		};
/* End PBXResourcesBuildPhase section */

/* Begin PBXSourcesBuildPhase section */
		2DA46EF42818A2F2005BD5C9 /* Sources */ = {
			isa = PBXSourcesBuildPhase;
			buildActionMask = 2147483647;
			files = (
				2DA46F252818CE54005BD5C9 /* CodableBundleExtension.swift in Sources */,
				2DA46F43281B4425005BD5C9 /* HeaderDetailView.swift in Sources */,
				2DA46EFE2818A2F2005BD5C9 /* ContentView.swift in Sources */,
				2DA46F212818C1F5005BD5C9 /* LogoView.swift in Sources */,
				2DA46F1D2818BAB5005BD5C9 /* FooterView.swift in Sources */,
				2DA46F272818D0CC005BD5C9 /* FeaturedItemView.swift in Sources */,
				2DA46F37281A3669005BD5C9 /* ProductItemView.swift in Sources */,
				2DA46F3D281A3B5C005BD5C9 /* BrandGridView.swift in Sources */,
				2DA46EFC2818A2F2005BD5C9 /* TouchDownApp.swift in Sources */,
				2DA46F49281B506F005BD5C9 /* RatingsSizesDetailView.swift in Sources */,
				2DA46F3F281B34A9005BD5C9 /* ProductDetailView.swift in Sources */,
				2DA46F41281B35FD005BD5C9 /* NavigationBarDetailView.swift in Sources */,
				2DA46F39281A3A1A005BD5C9 /* BrandsModel.swift in Sources */,
				2DA46F1B2818B8E8005BD5C9 /* Constant.swift in Sources */,
				2DA46F2F281A2C27005BD5C9 /* CategoryGridView.swift in Sources */,
				2DA46F2B281A24B5005BD5C9 /* CategoryModel.swift in Sources */,
				2DA46F1F2818C02D005BD5C9 /* NavigationBarView.swift in Sources */,
				2DA46F3B281A3A8D005BD5C9 /* BrandItemView.swift in Sources */,
				2DA46F31281A313F005BD5C9 /* SectionView.swift in Sources */,
				2DA46F2D281A2925005BD5C9 /* CategoryItemView.swift in Sources */,
				2DA46F292818D201005BD5C9 /* FeaturedTabView.swift in Sources */,
				2DA46F47281B4DB8005BD5C9 /* CustomShape.swift in Sources */,
				2DA46F232818CDF5005BD5C9 /* PlayerModel.swift in Sources */,
				2DA46F33281A33DC005BD5C9 /* TitleView.swift in Sources */,
				2DA46F4F281B593A005BD5C9 /* Shop.swift in Sources */,
				2DA46F4D281B5780005BD5C9 /* AddTocartDetailView.swift in Sources */,
				2DA46F35281A35D9005BD5C9 /* ProductModel.swift in Sources */,
				2DA46F4B281B557B005BD5C9 /* QuantityFavouriteDetailView.swift in Sources */,
				2DA46F45281B452F005BD5C9 /* TopBarDetailView.swift in Sources */,
			);
			runOnlyForDeploymentPostprocessing = 0;
		};
/* End PBXSourcesBuildPhase section */

/* Begin XCBuildConfiguration section */
		2DA46F042818A2F5005BD5C9 /* Debug */ = {
			isa = XCBuildConfiguration;
			buildSettings = {
				ALWAYS_SEARCH_USER_PATHS = NO;
				CLANG_ANALYZER_NONNULL = YES;
				CLANG_ANALYZER_NUMBER_OBJECT_CONVERSION = YES_AGGRESSIVE;
				CLANG_CXX_LANGUAGE_STANDARD = "gnu++17";
				CLANG_ENABLE_MODULES = YES;
				CLANG_ENABLE_OBJC_ARC = YES;
				CLANG_ENABLE_OBJC_WEAK = YES;
				CLANG_WARN_BLOCK_CAPTURE_AUTORELEASING = YES;
				CLANG_WARN_BOOL_CONVERSION = YES;
				CLANG_WARN_COMMA = YES;
				CLANG_WARN_CONSTANT_CONVERSION = YES;
				CLANG_WARN_DEPRECATED_OBJC_IMPLEMENTATIONS = YES;
				CLANG_WARN_DIRECT_OBJC_ISA_USAGE = YES_ERROR;
				CLANG_WARN_DOCUMENTATION_COMMENTS = YES;
				CLANG_WARN_EMPTY_BODY = YES;
				CLANG_WARN_ENUM_CONVERSION = YES;
				CLANG_WARN_INFINITE_RECURSION = YES;
				CLANG_WARN_INT_CONVERSION = YES;
				CLANG_WARN_NON_LITERAL_NULL_CONVERSION = YES;
				CLANG_WARN_OBJC_IMPLICIT_RETAIN_SELF = YES;
				CLANG_WARN_OBJC_LITERAL_CONVERSION = YES;
				CLANG_WARN_OBJC_ROOT_CLASS = YES_ERROR;
				CLANG_WARN_QUOTED_INCLUDE_IN_FRAMEWORK_HEADER = YES;
				CLANG_WARN_RANGE_LOOP_ANALYSIS = YES;
				CLANG_WARN_STRICT_PROTOTYPES = YES;
				CLANG_WARN_SUSPICIOUS_MOVE = YES;
				CLANG_WARN_UNGUARDED_AVAILABILITY = YES_AGGRESSIVE;
				CLANG_WARN_UNREACHABLE_CODE = YES;
				CLANG_WARN__DUPLICATE_METHOD_MATCH = YES;
				COPY_PHASE_STRIP = NO;
				DEBUG_INFORMATION_FORMAT = dwarf;
				ENABLE_STRICT_OBJC_MSGSEND = YES;
				ENABLE_TESTABILITY = YES;
				GCC_C_LANGUAGE_STANDARD = gnu11;
				GCC_DYNAMIC_NO_PIC = NO;
				GCC_NO_COMMON_BLOCKS = YES;
				GCC_OPTIMIZATION_LEVEL = 0;
				GCC_PREPROCESSOR_DEFINITIONS = (
					"DEBUG=1",
					"$(inherited)",
				);
				GCC_WARN_64_TO_32_BIT_CONVERSION = YES;
				GCC_WARN_ABOUT_RETURN_TYPE = YES_ERROR;
				GCC_WARN_UNDECLARED_SELECTOR = YES;
				GCC_WARN_UNINITIALIZED_AUTOS = YES_AGGRESSIVE;
				GCC_WARN_UNUSED_FUNCTION = YES;
				GCC_WARN_UNUSED_VARIABLE = YES;
				IPHONEOS_DEPLOYMENT_TARGET = 15.4;
				MTL_ENABLE_DEBUG_INFO = INCLUDE_SOURCE;
				MTL_FAST_MATH = YES;
				ONLY_ACTIVE_ARCH = YES;
				SDKROOT = iphoneos;
				SWIFT_ACTIVE_COMPILATION_CONDITIONS = DEBUG;
				SWIFT_OPTIMIZATION_LEVEL = "-Onone";
			};
			name = Debug;
		};
		2DA46F052818A2F5005BD5C9 /* Release */ = {
			isa = XCBuildConfiguration;
			buildSettings = {
				ALWAYS_SEARCH_USER_PATHS = NO;
				CLANG_ANALYZER_NONNULL = YES;
				CLANG_ANALYZER_NUMBER_OBJECT_CONVERSION = YES_AGGRESSIVE;
				CLANG_CXX_LANGUAGE_STANDARD = "gnu++17";
				CLANG_ENABLE_MODULES = YES;
				CLANG_ENABLE_OBJC_ARC = YES;
				CLANG_ENABLE_OBJC_WEAK = YES;
				CLANG_WARN_BLOCK_CAPTURE_AUTORELEASING = YES;
				CLANG_WARN_BOOL_CONVERSION = YES;
				CLANG_WARN_COMMA = YES;
				CLANG_WARN_CONSTANT_CONVERSION = YES;
				CLANG_WARN_DEPRECATED_OBJC_IMPLEMENTATIONS = YES;
				CLANG_WARN_DIRECT_OBJC_ISA_USAGE = YES_ERROR;
				CLANG_WARN_DOCUMENTATION_COMMENTS = YES;
				CLANG_WARN_EMPTY_BODY = YES;
				CLANG_WARN_ENUM_CONVERSION = YES;
				CLANG_WARN_INFINITE_RECURSION = YES;
				CLANG_WARN_INT_CONVERSION = YES;
				CLANG_WARN_NON_LITERAL_NULL_CONVERSION = YES;
				CLANG_WARN_OBJC_IMPLICIT_RETAIN_SELF = YES;
				CLANG_WARN_OBJC_LITERAL_CONVERSION = YES;
				CLANG_WARN_OBJC_ROOT_CLASS = YES_ERROR;
				CLANG_WARN_QUOTED_INCLUDE_IN_FRAMEWORK_HEADER = YES;
				CLANG_WARN_RANGE_LOOP_ANALYSIS = YES;
				CLANG_WARN_STRICT_PROTOTYPES = YES;
				CLANG_WARN_SUSPICIOUS_MOVE = YES;
				CLANG_WARN_UNGUARDED_AVAILABILITY = YES_AGGRESSIVE;
				CLANG_WARN_UNREACHABLE_CODE = YES;
				CLANG_WARN__DUPLICATE_METHOD_MATCH = YES;
				COPY_PHASE_STRIP = NO;
				DEBUG_INFORMATION_FORMAT = "dwarf-with-dsym";
				ENABLE_NS_ASSERTIONS = NO;
				ENABLE_STRICT_OBJC_MSGSEND = YES;
				GCC_C_LANGUAGE_STANDARD = gnu11;
				GCC_NO_COMMON_BLOCKS = YES;
				GCC_WARN_64_TO_32_BIT_CONVERSION = YES;
				GCC_WARN_ABOUT_RETURN_TYPE = YES_ERROR;
				GCC_WARN_UNDECLARED_SELECTOR = YES;
				GCC_WARN_UNINITIALIZED_AUTOS = YES_AGGRESSIVE;
				GCC_WARN_UNUSED_FUNCTION = YES;
				GCC_WARN_UNUSED_VARIABLE = YES;
				IPHONEOS_DEPLOYMENT_TARGET = 15.4;
				MTL_ENABLE_DEBUG_INFO = NO;
				MTL_FAST_MATH = YES;
				SDKROOT = iphoneos;
				SWIFT_COMPILATION_MODE = wholemodule;
				SWIFT_OPTIMIZATION_LEVEL = "-O";
				VALIDATE_PRODUCT = YES;
			};
			name = Release;
		};
		2DA46F072818A2F5005BD5C9 /* Debug */ = {
			isa = XCBuildConfiguration;
			buildSettings = {
				ASSETCATALOG_COMPILER_APPICON_NAME = AppIcon;
				ASSETCATALOG_COMPILER_GLOBAL_ACCENT_COLOR_NAME = AccentColor;
				CODE_SIGN_STYLE = Automatic;
				CURRENT_PROJECT_VERSION = 1;
				DEVELOPMENT_ASSET_PATHS = "\"TouchDown/Preview Content\"";
				DEVELOPMENT_TEAM = 7RT4X7Y335;
				ENABLE_PREVIEWS = YES;
				GENERATE_INFOPLIST_FILE = YES;
				INFOPLIST_FILE = TouchDown/Info.plist;
				INFOPLIST_KEY_UIApplicationSceneManifest_Generation = YES;
				INFOPLIST_KEY_UIApplicationSupportsIndirectInputEvents = YES;
				INFOPLIST_KEY_UISupportedInterfaceOrientations = UIInterfaceOrientationPortrait;
				INFOPLIST_KEY_UISupportedInterfaceOrientations_iPad = "UIInterfaceOrientationPortrait UIInterfaceOrientationPortraitUpsideDown UIInterfaceOrientationLandscapeLeft UIInterfaceOrientationLandscapeRight";
				INFOPLIST_KEY_UISupportedInterfaceOrientations_iPhone = "UIInterfaceOrientationPortrait UIInterfaceOrientationLandscapeLeft UIInterfaceOrientationLandscapeRight";
				INFOPLIST_KEY_UIUserInterfaceStyle = Light;
				LD_RUNPATH_SEARCH_PATHS = (
					"$(inherited)",
					"@executable_path/Frameworks",
				);
				MARKETING_VERSION = 1.0;
				PRODUCT_BUNDLE_IDENTIFIER = com.hlenterprises.touchdown.TouchDown;
				PRODUCT_NAME = "$(TARGET_NAME)";
				SWIFT_EMIT_LOC_STRINGS = YES;
				SWIFT_VERSION = 5.0;
				TARGETED_DEVICE_FAMILY = "1,2";
			};
			name = Debug;
		};
		2DA46F082818A2F5005BD5C9 /* Release */ = {
			isa = XCBuildConfiguration;
			buildSettings = {
				ASSETCATALOG_COMPILER_APPICON_NAME = AppIcon;
				ASSETCATALOG_COMPILER_GLOBAL_ACCENT_COLOR_NAME = AccentColor;
				CODE_SIGN_STYLE = Automatic;
				CURRENT_PROJECT_VERSION = 1;
				DEVELOPMENT_ASSET_PATHS = "\"TouchDown/Preview Content\"";
				DEVELOPMENT_TEAM = 7RT4X7Y335;
				ENABLE_PREVIEWS = YES;
				GENERATE_INFOPLIST_FILE = YES;
				INFOPLIST_FILE = TouchDown/Info.plist;
				INFOPLIST_KEY_UIApplicationSceneManifest_Generation = YES;
				INFOPLIST_KEY_UIApplicationSupportsIndirectInputEvents = YES;
				INFOPLIST_KEY_UISupportedInterfaceOrientations = UIInterfaceOrientationPortrait;
				INFOPLIST_KEY_UISupportedInterfaceOrientations_iPad = "UIInterfaceOrientationPortrait UIInterfaceOrientationPortraitUpsideDown UIInterfaceOrientationLandscapeLeft UIInterfaceOrientationLandscapeRight";
				INFOPLIST_KEY_UISupportedInterfaceOrientations_iPhone = "UIInterfaceOrientationPortrait UIInterfaceOrientationLandscapeLeft UIInterfaceOrientationLandscapeRight";
				INFOPLIST_KEY_UIUserInterfaceStyle = Light;
				LD_RUNPATH_SEARCH_PATHS = (
					"$(inherited)",
					"@executable_path/Frameworks",
				);
				MARKETING_VERSION = 1.0;
				PRODUCT_BUNDLE_IDENTIFIER = com.hlenterprises.touchdown.TouchDown;
				PRODUCT_NAME = "$(TARGET_NAME)";
				SWIFT_EMIT_LOC_STRINGS = YES;
				SWIFT_VERSION = 5.0;
				TARGETED_DEVICE_FAMILY = "1,2";
			};
			name = Release;
		};
/* End XCBuildConfiguration section */

/* Begin XCConfigurationList section */
		2DA46EF32818A2F2005BD5C9 /* Build configuration list for PBXProject "TouchDown" */ = {
			isa = XCConfigurationList;
			buildConfigurations = (
				2DA46F042818A2F5005BD5C9 /* Debug */,
				2DA46F052818A2F5005BD5C9 /* Release */,
			);
			defaultConfigurationIsVisible = 0;
			defaultConfigurationName = Release;
		};
		2DA46F062818A2F5005BD5C9 /* Build configuration list for PBXNativeTarget "TouchDown" */ = {
			isa = XCConfigurationList;
			buildConfigurations = (
				2DA46F072818A2F5005BD5C9 /* Debug */,
				2DA46F082818A2F5005BD5C9 /* Release */,
			);
			defaultConfigurationIsVisible = 0;
			defaultConfigurationName = Release;
		};
/* End XCConfigurationList section */
	};
	rootObject = 2DA46EF02818A2F2005BD5C9 /* Project object */;
}
